
Microsoft Visual Studio Solution File, Format Version 12.00
# Visual Studio Version 17
VisualStudioVersion = 17.1.32328.378
MinimumVisualStudioVersion = 10.0.40219.1
Project("{FAE04EC0-301F-11D3-BF4B-00C04F79EFBC}") = "seleniumConsole", "seleniumConsole.csproj", "{B746A790-2D42-4E70-9A8A-200AC7ED5254}"
EndProject
Global
	GlobalSection(SolutionConfigurationPlatforms) = preSolution
		Debug|Any CPU = Debug|Any CPU
		Release|Any CPU = Release|Any CPU
	EndGlobalSection
	GlobalSection(ProjectConfigurationPlatforms) = postSolution
		{B746A790-2D42-4E70-9A8A-200AC7ED5254}.Debug|Any CPU.ActiveCfg = Debug|Any CPU
		{B746A790-2D42-4E70-9A8A-200AC7ED5254}.Debug|Any CPU.Build.0 = Debug|Any CPU
		{B746A790-2D42-4E70-9A8A-200AC7ED5254}.Release|Any CPU.ActiveCfg = Release|Any CPU
		{B746A790-2D42-4E70-9A8A-200AC7ED5254}.Release|Any CPU.Build.0 = Release|Any CPU
	EndGlobalSection
	GlobalSection(SolutionProperties) = preSolution
		HideSolutionNode = FALSE
	EndGlobalSection
	GlobalSection(ExtensibilityGlobals) = postSolution
		SolutionGuid = {5F56E0E1-C288-4D9E-86B0-6357BEBFE3D4}
	EndGlobalSection
EndGlobal
